
Microsoft Visual Studio Solution File, Format Version 12.00
# Visual Studio Version 17
VisualStudioVersion = 17.9.34701.34
MinimumVisualStudioVersion = 10.0.40219.1
Project("{FAE04EC0-301F-11D3-BF4B-00C04F79EFBC}") = "Quanlybenxe123", "Quanlybenxe123\Quanlybenxe123.csproj", "{2355E2E3-5E4D-44DB-A06F-51CA2462D7EE}"
EndProject
Global
	GlobalSection(SolutionConfigurationPlatforms) = preSolution
		Debug|Any CPU = Debug|Any CPU
		Release|Any CPU = Release|Any CPU
	EndGlobalSection
	GlobalSection(ProjectConfigurationPlatforms) = postSolution
		{2355E2E3-5E4D-44DB-A06F-51CA2462D7EE}.Debug|Any CPU.ActiveCfg = Debug|Any CPU
		{2355E2E3-5E4D-44DB-A06F-51CA2462D7EE}.Debug|Any CPU.Build.0 = Debug|Any CPU
		{2355E2E3-5E4D-44DB-A06F-51CA2462D7EE}.Release|Any CPU.ActiveCfg = Release|Any CPU
		{2355E2E3-5E4D-44DB-A06F-51CA2462D7EE}.Release|Any CPU.Build.0 = Release|Any CPU
	EndGlobalSection
	GlobalSection(SolutionProperties) = preSolution
		HideSolutionNode = FALSE
	EndGlobalSection
	GlobalSection(ExtensibilityGlobals) = postSolution
		SolutionGuid = {70771564-D41E-4781-BE7B-975735C9B96B}
	EndGlobalSection
EndGlobal
